PODS:
  - JQCollectionViewWaterfallLayout (0.2.0)

DEPENDENCIES:
  - JQCollectionViewWaterfallLayout (from `../`)

EXTERNAL SOURCES:
  JQCollectionViewWaterfallLayout:
    :path: "../"

SPEC CHECKSUMS:
  JQCollectionViewWaterfallLayout: 4282a4b91ee9dc55a089420acd37f6202b544a8d

PODFILE CHECKSUM: 70969e01213c30f40f940c99f9df957dd1802901

COCOAPODS: 1.11.2
