PODS:
  - JQCollectionViewWaterfallLayout (0.1.2)

DEPENDENCIES:
  - JQCollectionViewWaterfallLayout (from `../`)

EXTERNAL SOURCES:
  JQCollectionViewWaterfallLayout:
    :path: "../"

SPEC CHECKSUMS:
  JQCollectionViewWaterfallLayout: b311b366b4b72cd854272e9ec707a4adb62198cd

PODFILE CHECKSUM: 5abcbe59807c651b86b40ec542e143e897136c52

COCOAPODS: 1.6.0.beta.1
