// !$*UTF8*$!
{
	archiveVersion = 1;
	classes = {
	};
	objectVersion = 46;
	objects = {

/* Begin PBXBuildFile section */
		3C69CD257D8EA8D576B17F97 /* Pods_JQCollectionViewWaterfallLayout_Example.framework in Frameworks */ = {isa = PBXBuildFile; fileRef = 53D99672C82D44AD3CAF9EE2 /* Pods_JQCollectionViewWaterfallLayout_Example.framework */; };
		6003F58E195388D20070C39A /* Foundation.framework in Frameworks */ = {isa = PBXBuildFile; fileRef = 6003F58D195388D20070C39A /* Foundation.framework */; };
		6003F590195388D20070C39A /* CoreGraphics.framework in Frameworks */ = {isa = PBXBuildFile; fileRef = 6003F58F195388D20070C39A /* CoreGraphics.framework */; };
		6003F592195388D20070C39A /* UIKit.framework in Frameworks */ = {isa = PBXBuildFile; fileRef = 6003F591195388D20070C39A /* UIKit.framework */; };
		6003F598195388D20070C39A /* InfoPlist.strings in Resources */ = {isa = PBXBuildFile; fileRef = 6003F596195388D20070C39A /* InfoPlist.strings */; };
		6003F59A195388D20070C39A /* main.m in Sources */ = {isa = PBXBuildFile; fileRef = 6003F599195388D20070C39A /* main.m */; };
		6003F59E195388D20070C39A /* JQAppDelegate.m in Sources */ = {isa = PBXBuildFile; fileRef = 6003F59D195388D20070C39A /* JQAppDelegate.m */; };
		6003F5A7195388D20070C39A /* JQViewController.m in Sources */ = {isa = PBXBuildFile; fileRef = 6003F5A6195388D20070C39A /* JQViewController.m */; };
		6003F5A9195388D20070C39A /* Images.xcassets in Resources */ = {isa = PBXBuildFile; fileRef = 6003F5A8195388D20070C39A /* Images.xcassets */; };
		6003F5B0195388D20070C39A /* XCTest.framework in Frameworks */ = {isa = PBXBuildFile; fileRef = 6003F5AF195388D20070C39A /* XCTest.framework */; };
		6003F5B1195388D20070C39A /* Foundation.framework in Frameworks */ = {isa = PBXBuildFile; fileRef = 6003F58D195388D20070C39A /* Foundation.framework */; };
		6003F5B2195388D20070C39A /* UIKit.framework in Frameworks */ = {isa = PBXBuildFile; fileRef = 6003F591195388D20070C39A /* UIKit.framework */; };
		6003F5BA195388D20070C39A /* InfoPlist.strings in Resources */ = {isa = PBXBuildFile; fileRef = 6003F5B8195388D20070C39A /* InfoPlist.strings */; };
		6003F5BC195388D20070C39A /* Tests.m in Sources */ = {isa = PBXBuildFile; fileRef = 6003F5BB195388D20070C39A /* Tests.m */; };
		71719F9F1E33DC2100824A3D /* LaunchScreen.storyboard in Resources */ = {isa = PBXBuildFile; fileRef = 71719F9D1E33DC2100824A3D /* LaunchScreen.storyboard */; };
		873B8AEB1B1F5CCA007FD442 /* Main.storyboard in Resources */ = {isa = PBXBuildFile; fileRef = 873B8AEA1B1F5CCA007FD442 /* Main.storyboard */; };
		9FAEAE6A4FBD66118EA12A2A /* Pods_JQCollectionViewWaterfallLayout_Tests.framework in Frameworks */ = {isa = PBXBuildFile; fileRef = 94935C49573EF372B780A1A9 /* Pods_JQCollectionViewWaterfallLayout_Tests.framework */; };
		F3992C2C212A6C6D0097E54A /* JQCollectionViewImageCell.xib in Resources */ = {isa = PBXBuildFile; fileRef = F3992C29212A6C6C0097E54A /* JQCollectionViewImageCell.xib */; };
		F3992C2D212A6C6D0097E54A /* JQCollectionViewImageCell.m in Sources */ = {isa = PBXBuildFile; fileRef = F3992C2A212A6C6C0097E54A /* JQCollectionViewImageCell.m */; };
		F3992C8A212A6C810097E54A /* image_15.jpg in Resources */ = {isa = PBXBuildFile; fileRef = F3992C2F212A6C810097E54A /* image_15.jpg */; };
		F3992C8B212A6C810097E54A /* image_29.jpg in Resources */ = {isa = PBXBuildFile; fileRef = F3992C30212A6C810097E54A /* image_29.jpg */; };
		F3992C8C212A6C810097E54A /* image_28.jpg in Resources */ = {isa = PBXBuildFile; fileRef = F3992C31212A6C810097E54A /* image_28.jpg */; };
		F3992C8D212A6C810097E54A /* image_14.jpg in Resources */ = {isa = PBXBuildFile; fileRef = F3992C32212A6C810097E54A /* image_14.jpg */; };
		F3992C8E212A6C810097E54A /* image_16.jpg in Resources */ = {isa = PBXBuildFile; fileRef = F3992C33212A6C810097E54A /* image_16.jpg */; };
		F3992C8F212A6C810097E54A /* image_17.jpg in Resources */ = {isa = PBXBuildFile; fileRef = F3992C34212A6C810097E54A /* image_17.jpg */; };
		F3992C90212A6C810097E54A /* image_13.jpg in Resources */ = {isa = PBXBuildFile; fileRef = F3992C35212A6C810097E54A /* image_13.jpg */; };
		F3992C91212A6C810097E54A /* image_12.jpg in Resources */ = {isa = PBXBuildFile; fileRef = F3992C36212A6C810097E54A /* image_12.jpg */; };
		F3992C92212A6C810097E54A /* image_38.jpg in Resources */ = {isa = PBXBuildFile; fileRef = F3992C37212A6C810097E54A /* image_38.jpg */; };
		F3992C93212A6C810097E54A /* image_10.jpg in Resources */ = {isa = PBXBuildFile; fileRef = F3992C38212A6C810097E54A /* image_10.jpg */; };
		F3992C94212A6C810097E54A /* image_11.jpg in Resources */ = {isa = PBXBuildFile; fileRef = F3992C39212A6C810097E54A /* image_11.jpg */; };
		F3992C95212A6C810097E54A /* image_39.jpg in Resources */ = {isa = PBXBuildFile; fileRef = F3992C3A212A6C810097E54A /* image_39.jpg */; };
		F3992C96212A6C810097E54A /* image_76.jpg in Resources */ = {isa = PBXBuildFile; fileRef = F3992C3B212A6C810097E54A /* image_76.jpg */; };
		F3992C97212A6C810097E54A /* image_62.jpg in Resources */ = {isa = PBXBuildFile; fileRef = F3992C3C212A6C810097E54A /* image_62.jpg */; };
		F3992C98212A6C810097E54A /* image_89.jpg in Resources */ = {isa = PBXBuildFile; fileRef = F3992C3D212A6C810097E54A /* image_89.jpg */; };
		F3992C99212A6C810097E54A /* image_88.jpg in Resources */ = {isa = PBXBuildFile; fileRef = F3992C3E212A6C810097E54A /* image_88.jpg */; };
		F3992C9A212A6C810097E54A /* image_63.jpg in Resources */ = {isa = PBXBuildFile; fileRef = F3992C3F212A6C810097E54A /* image_63.jpg */; };
		F3992C9B212A6C810097E54A /* image_77.jpg in Resources */ = {isa = PBXBuildFile; fileRef = F3992C40212A6C810097E54A /* image_77.jpg */; };
		F3992C9C212A6C810097E54A /* image_61.jpg in Resources */ = {isa = PBXBuildFile; fileRef = F3992C41212A6C810097E54A /* image_61.jpg */; };
		F3992C9D212A6C810097E54A /* image_75.jpg in Resources */ = {isa = PBXBuildFile; fileRef = F3992C42212A6C810097E54A /* image_75.jpg */; };
		F3992C9E212A6C810097E54A /* image_8.jpg in Resources */ = {isa = PBXBuildFile; fileRef = F3992C43212A6C810097E54A /* image_8.jpg */; };
		F3992C9F212A6C810097E54A /* image_49.jpg in Resources */ = {isa = PBXBuildFile; fileRef = F3992C44212A6C810097E54A /* image_49.jpg */; };
		F3992CA0212A6C810097E54A /* image_48.jpg in Resources */ = {isa = PBXBuildFile; fileRef = F3992C45212A6C810097E54A /* image_48.jpg */; };
		F3992CA1212A6C810097E54A /* image_9.jpg in Resources */ = {isa = PBXBuildFile; fileRef = F3992C46212A6C810097E54A /* image_9.jpg */; };
		F3992CA2212A6C810097E54A /* image_74.jpg in Resources */ = {isa = PBXBuildFile; fileRef = F3992C47212A6C810097E54A /* image_74.jpg */; };
		F3992CA3212A6C810097E54A /* image_60.jpg in Resources */ = {isa = PBXBuildFile; fileRef = F3992C48212A6C810097E54A /* image_60.jpg */; };
		F3992CA4212A6C810097E54A /* image_58.jpg in Resources */ = {isa = PBXBuildFile; fileRef = F3992C49212A6C810097E54A /* image_58.jpg */; };
		F3992CA5212A6C810097E54A /* image_64.jpg in Resources */ = {isa = PBXBuildFile; fileRef = F3992C4A212A6C810097E54A /* image_64.jpg */; };
		F3992CA6212A6C810097E54A /* image_70.jpg in Resources */ = {isa = PBXBuildFile; fileRef = F3992C4B212A6C810097E54A /* image_70.jpg */; };
		F3992CA7212A6C810097E54A /* image_71.jpg in Resources */ = {isa = PBXBuildFile; fileRef = F3992C4C212A6C810097E54A /* image_71.jpg */; };
		F3992CA8212A6C810097E54A /* image_65.jpg in Resources */ = {isa = PBXBuildFile; fileRef = F3992C4D212A6C810097E54A /* image_65.jpg */; };
		F3992CA9212A6C810097E54A /* image_59.jpg in Resources */ = {isa = PBXBuildFile; fileRef = F3992C4E212A6C810097E54A /* image_59.jpg */; };
		F3992CAA212A6C810097E54A /* image_73.jpg in Resources */ = {isa = PBXBuildFile; fileRef = F3992C4F212A6C810097E54A /* image_73.jpg */; };
		F3992CAB212A6C810097E54A /* image_67.jpg in Resources */ = {isa = PBXBuildFile; fileRef = F3992C50212A6C810097E54A /* image_67.jpg */; };
		F3992CAC212A6C810097E54A /* image_66.jpg in Resources */ = {isa = PBXBuildFile; fileRef = F3992C51212A6C810097E54A /* image_66.jpg */; };
		F3992CAD212A6C810097E54A /* image_72.jpg in Resources */ = {isa = PBXBuildFile; fileRef = F3992C52212A6C810097E54A /* image_72.jpg */; };
		F3992CAE212A6C810097E54A /* image_57.jpg in Resources */ = {isa = PBXBuildFile; fileRef = F3992C53212A6C810097E54A /* image_57.jpg */; };
		F3992CAF212A6C810097E54A /* image_2.jpg in Resources */ = {isa = PBXBuildFile; fileRef = F3992C54212A6C810097E54A /* image_2.jpg */; };
		F3992CB0212A6C810097E54A /* image_43.jpg in Resources */ = {isa = PBXBuildFile; fileRef = F3992C55212A6C810097E54A /* image_43.jpg */; };
		F3992CB1212A6C810097E54A /* image_80.jpg in Resources */ = {isa = PBXBuildFile; fileRef = F3992C56212A6C810097E54A /* image_80.jpg */; };
		F3992CB2212A6C810097E54A /* image_81.jpg in Resources */ = {isa = PBXBuildFile; fileRef = F3992C57212A6C810097E54A /* image_81.jpg */; };
		F3992CB3212A6C810097E54A /* image_42.jpg in Resources */ = {isa = PBXBuildFile; fileRef = F3992C58212A6C810097E54A /* image_42.jpg */; };
		F3992CB4212A6C810097E54A /* image_56.jpg in Resources */ = {isa = PBXBuildFile; fileRef = F3992C59212A6C810097E54A /* image_56.jpg */; };
		F3992CB5212A6C810097E54A /* image_3.jpg in Resources */ = {isa = PBXBuildFile; fileRef = F3992C5A212A6C810097E54A /* image_3.jpg */; };
		F3992CB6212A6C810097E54A /* image_40.jpg in Resources */ = {isa = PBXBuildFile; fileRef = F3992C5B212A6C810097E54A /* image_40.jpg */; };
		F3992CB7212A6C810097E54A /* image_1.jpg in Resources */ = {isa = PBXBuildFile; fileRef = F3992C5C212A6C810097E54A /* image_1.jpg */; };
		F3992CB8212A6C810097E54A /* image_54.jpg in Resources */ = {isa = PBXBuildFile; fileRef = F3992C5D212A6C810097E54A /* image_54.jpg */; };
		F3992CB9212A6C810097E54A /* image_68.jpg in Resources */ = {isa = PBXBuildFile; fileRef = F3992C5E212A6C810097E54A /* image_68.jpg */; };
		F3992CBA212A6C810097E54A /* image_83.jpg in Resources */ = {isa = PBXBuildFile; fileRef = F3992C5F212A6C810097E54A /* image_83.jpg */; };
		F3992CBB212A6C810097E54A /* image_82.jpg in Resources */ = {isa = PBXBuildFile; fileRef = F3992C60212A6C810097E54A /* image_82.jpg */; };
		F3992CBC212A6C810097E54A /* image_69.jpg in Resources */ = {isa = PBXBuildFile; fileRef = F3992C61212A6C810097E54A /* image_69.jpg */; };
		F3992CBD212A6C810097E54A /* image_0.jpg in Resources */ = {isa = PBXBuildFile; fileRef = F3992C62212A6C810097E54A /* image_0.jpg */; };
		F3992CBE212A6C810097E54A /* image_55.jpg in Resources */ = {isa = PBXBuildFile; fileRef = F3992C63212A6C810097E54A /* image_55.jpg */; };
		F3992CBF212A6C810097E54A /* image_41.jpg in Resources */ = {isa = PBXBuildFile; fileRef = F3992C64212A6C810097E54A /* image_41.jpg */; };
		F3992CC0212A6C810097E54A /* image_79.jpg in Resources */ = {isa = PBXBuildFile; fileRef = F3992C65212A6C810097E54A /* image_79.jpg */; };
		F3992CC1212A6C810097E54A /* image_45.jpg in Resources */ = {isa = PBXBuildFile; fileRef = F3992C66212A6C810097E54A /* image_45.jpg */; };
		F3992CC2212A6C810097E54A /* image_51.jpg in Resources */ = {isa = PBXBuildFile; fileRef = F3992C67212A6C810097E54A /* image_51.jpg */; };
		F3992CC3212A6C810097E54A /* image_4.jpg in Resources */ = {isa = PBXBuildFile; fileRef = F3992C68212A6C810097E54A /* image_4.jpg */; };
		F3992CC4212A6C810097E54A /* image_86.jpg in Resources */ = {isa = PBXBuildFile; fileRef = F3992C69212A6C810097E54A /* image_86.jpg */; };
		F3992CC5212A6C810097E54A /* image_87.jpg in Resources */ = {isa = PBXBuildFile; fileRef = F3992C6A212A6C810097E54A /* image_87.jpg */; };
		F3992CC6212A6C810097E54A /* image_50.jpg in Resources */ = {isa = PBXBuildFile; fileRef = F3992C6B212A6C810097E54A /* image_50.jpg */; };
		F3992CC7212A6C810097E54A /* image_5.jpg in Resources */ = {isa = PBXBuildFile; fileRef = F3992C6C212A6C810097E54A /* image_5.jpg */; };
		F3992CC8212A6C810097E54A /* image_44.jpg in Resources */ = {isa = PBXBuildFile; fileRef = F3992C6D212A6C810097E54A /* image_44.jpg */; };
		F3992CC9212A6C810097E54A /* image_78.jpg in Resources */ = {isa = PBXBuildFile; fileRef = F3992C6E212A6C810097E54A /* image_78.jpg */; };
		F3992CCA212A6C810097E54A /* image_7.jpg in Resources */ = {isa = PBXBuildFile; fileRef = F3992C6F212A6C810097E54A /* image_7.jpg */; };
		F3992CCB212A6C810097E54A /* image_52.jpg in Resources */ = {isa = PBXBuildFile; fileRef = F3992C70212A6C810097E54A /* image_52.jpg */; };
		F3992CCC212A6C810097E54A /* image_46.jpg in Resources */ = {isa = PBXBuildFile; fileRef = F3992C71212A6C810097E54A /* image_46.jpg */; };
		F3992CCD212A6C810097E54A /* image_85.jpg in Resources */ = {isa = PBXBuildFile; fileRef = F3992C72212A6C810097E54A /* image_85.jpg */; };
		F3992CCE212A6C810097E54A /* image_84.jpg in Resources */ = {isa = PBXBuildFile; fileRef = F3992C73212A6C810097E54A /* image_84.jpg */; };
		F3992CCF212A6C810097E54A /* image_90.jpg in Resources */ = {isa = PBXBuildFile; fileRef = F3992C74212A6C810097E54A /* image_90.jpg */; };
		F3992CD0212A6C810097E54A /* image_47.jpg in Resources */ = {isa = PBXBuildFile; fileRef = F3992C75212A6C810097E54A /* image_47.jpg */; };
		F3992CD1212A6C810097E54A /* image_6.jpg in Resources */ = {isa = PBXBuildFile; fileRef = F3992C76212A6C810097E54A /* image_6.jpg */; };
		F3992CD2212A6C810097E54A /* image_53.jpg in Resources */ = {isa = PBXBuildFile; fileRef = F3992C77212A6C810097E54A /* image_53.jpg */; };
		F3992CD3212A6C810097E54A /* image_34.jpg in Resources */ = {isa = PBXBuildFile; fileRef = F3992C78212A6C810097E54A /* image_34.jpg */; };
		F3992CD4212A6C810097E54A /* image_20.jpg in Resources */ = {isa = PBXBuildFile; fileRef = F3992C79212A6C810097E54A /* image_20.jpg */; };
		F3992CD5212A6C810097E54A /* image_21.jpg in Resources */ = {isa = PBXBuildFile; fileRef = F3992C7A212A6C810097E54A /* image_21.jpg */; };
		F3992CD6212A6C810097E54A /* image_35.jpg in Resources */ = {isa = PBXBuildFile; fileRef = F3992C7B212A6C810097E54A /* image_35.jpg */; };
		F3992CD7212A6C810097E54A /* image_23.jpg in Resources */ = {isa = PBXBuildFile; fileRef = F3992C7C212A6C810097E54A /* image_23.jpg */; };
		F3992CD8212A6C810097E54A /* image_37.jpg in Resources */ = {isa = PBXBuildFile; fileRef = F3992C7D212A6C810097E54A /* image_37.jpg */; };
		F3992CD9212A6C810097E54A /* image_36.jpg in Resources */ = {isa = PBXBuildFile; fileRef = F3992C7E212A6C810097E54A /* image_36.jpg */; };
		F3992CDA212A6C810097E54A /* image_22.jpg in Resources */ = {isa = PBXBuildFile; fileRef = F3992C7F212A6C810097E54A /* image_22.jpg */; };
		F3992CDB212A6C810097E54A /* image_26.jpg in Resources */ = {isa = PBXBuildFile; fileRef = F3992C80212A6C810097E54A /* image_26.jpg */; };
		F3992CDC212A6C810097E54A /* image_32.jpg in Resources */ = {isa = PBXBuildFile; fileRef = F3992C81212A6C810097E54A /* image_32.jpg */; };
		F3992CDD212A6C810097E54A /* image_33.jpg in Resources */ = {isa = PBXBuildFile; fileRef = F3992C82212A6C810097E54A /* image_33.jpg */; };
		F3992CDE212A6C810097E54A /* image_27.jpg in Resources */ = {isa = PBXBuildFile; fileRef = F3992C83212A6C810097E54A /* image_27.jpg */; };
		F3992CDF212A6C810097E54A /* image_19.jpg in Resources */ = {isa = PBXBuildFile; fileRef = F3992C84212A6C810097E54A /* image_19.jpg */; };
		F3992CE0212A6C810097E54A /* image_31.jpg in Resources */ = {isa = PBXBuildFile; fileRef = F3992C85212A6C810097E54A /* image_31.jpg */; };
		F3992CE1212A6C810097E54A /* image_25.jpg in Resources */ = {isa = PBXBuildFile; fileRef = F3992C86212A6C810097E54A /* image_25.jpg */; };
		F3992CE2212A6C810097E54A /* image_24.jpg in Resources */ = {isa = PBXBuildFile; fileRef = F3992C87212A6C810097E54A /* image_24.jpg */; };
		F3992CE3212A6C810097E54A /* image_30.jpg in Resources */ = {isa = PBXBuildFile; fileRef = F3992C88212A6C810097E54A /* image_30.jpg */; };
		F3992CE4212A6C810097E54A /* image_18.jpg in Resources */ = {isa = PBXBuildFile; fileRef = F3992C89212A6C810097E54A /* image_18.jpg */; };
/* End PBXBuildFile section */

/* Begin PBXContainerItemProxy section */
		6003F5B3195388D20070C39A /* PBXContainerItemProxy */ = {
			isa = PBXContainerItemProxy;
			containerPortal = 6003F582195388D10070C39A /* Project object */;
			proxyType = 1;
			remoteGlobalIDString = 6003F589195388D20070C39A;
			remoteInfo = JQCollectionViewWaterfallLayout;
		};
/* End PBXContainerItemProxy section */

/* Begin PBXFileReference section */
		1209E3D5F39EFB83DEAC9438 /* README.md */ = {isa = PBXFileReference; includeInIndex = 1; lastKnownFileType = net.daringfireball.markdown; name = README.md; path = ../README.md; sourceTree = "<group>"; };
		2EB08734A881BA825C178870 /* JQCollectionViewWaterfallLayout.podspec */ = {isa = PBXFileReference; includeInIndex = 1; lastKnownFileType = text; name = JQCollectionViewWaterfallLayout.podspec; path = ../JQCollectionViewWaterfallLayout.podspec; sourceTree = "<group>"; xcLanguageSpecificationIdentifier = xcode.lang.ruby; };
		4CC07AF0D21F1F3463717BAE /* Pods-JQCollectionViewWaterfallLayout_Example.release.xcconfig */ = {isa = PBXFileReference; includeInIndex = 1; lastKnownFileType = text.xcconfig; name = "Pods-JQCollectionViewWaterfallLayout_Example.release.xcconfig"; path = "Pods/Target Support Files/Pods-JQCollectionViewWaterfallLayout_Example/Pods-JQCollectionViewWaterfallLayout_Example.release.xcconfig"; sourceTree = "<group>"; };
		53D99672C82D44AD3CAF9EE2 /* Pods_JQCollectionViewWaterfallLayout_Example.framework */ = {isa = PBXFileReference; explicitFileType = wrapper.framework; includeInIndex = 0; path = Pods_JQCollectionViewWaterfallLayout_Example.framework; sourceTree = BUILT_PRODUCTS_DIR; };
		6003F58A195388D20070C39A /* JQCollectionViewWaterfallLayout_Example.app */ = {isa = PBXFileReference; explicitFileType = wrapper.application; includeInIndex = 0; path = JQCollectionViewWaterfallLayout_Example.app; sourceTree = BUILT_PRODUCTS_DIR; };
		6003F58D195388D20070C39A /* Foundation.framework */ = {isa = PBXFileReference; lastKnownFileType = wrapper.framework; name = Foundation.framework; path = System/Library/Frameworks/Foundation.framework; sourceTree = SDKROOT; };
		6003F58F195388D20070C39A /* CoreGraphics.framework */ = {isa = PBXFileReference; lastKnownFileType = wrapper.framework; name = CoreGraphics.framework; path = System/Library/Frameworks/CoreGraphics.framework; sourceTree = SDKROOT; };
		6003F591195388D20070C39A /* UIKit.framework */ = {isa = PBXFileReference; lastKnownFileType = wrapper.framework; name = UIKit.framework; path = System/Library/Frameworks/UIKit.framework; sourceTree = SDKROOT; };
		6003F595195388D20070C39A /* JQCollectionViewWaterfallLayout-Info.plist */ = {isa = PBXFileReference; lastKnownFileType = text.plist.xml; path = "JQCollectionViewWaterfallLayout-Info.plist"; sourceTree = "<group>"; };
		6003F597195388D20070C39A /* en */ = {isa = PBXFileReference; lastKnownFileType = text.plist.strings; name = en; path = en.lproj/InfoPlist.strings; sourceTree = "<group>"; };
		6003F599195388D20070C39A /* main.m */ = {isa = PBXFileReference; lastKnownFileType = sourcecode.c.objc; path = main.m; sourceTree = "<group>"; };
		6003F59B195388D20070C39A /* JQCollectionViewWaterfallLayout-Prefix.pch */ = {isa = PBXFileReference; lastKnownFileType = sourcecode.c.h; path = "JQCollectionViewWaterfallLayout-Prefix.pch"; sourceTree = "<group>"; };
		6003F59C195388D20070C39A /* JQAppDelegate.h */ = {isa = PBXFileReference; lastKnownFileType = sourcecode.c.h; path = JQAppDelegate.h; sourceTree = "<group>"; };
		6003F59D195388D20070C39A /* JQAppDelegate.m */ = {isa = PBXFileReference; lastKnownFileType = sourcecode.c.objc; path = JQAppDelegate.m; sourceTree = "<group>"; };
		6003F5A5195388D20070C39A /* JQViewController.h */ = {isa = PBXFileReference; lastKnownFileType = sourcecode.c.h; path = JQViewController.h; sourceTree = "<group>"; };
		6003F5A6195388D20070C39A /* JQViewController.m */ = {isa = PBXFileReference; lastKnownFileType = sourcecode.c.objc; path = JQViewController.m; sourceTree = "<group>"; };
		6003F5A8195388D20070C39A /* Images.xcassets */ = {isa = PBXFileReference; lastKnownFileType = folder.assetcatalog; path = Images.xcassets; sourceTree = "<group>"; };
		6003F5AE195388D20070C39A /* JQCollectionViewWaterfallLayout_Tests.xctest */ = {isa = PBXFileReference; explicitFileType = wrapper.cfbundle; includeInIndex = 0; path = JQCollectionViewWaterfallLayout_Tests.xctest; sourceTree = BUILT_PRODUCTS_DIR; };
		6003F5AF195388D20070C39A /* XCTest.framework */ = {isa = PBXFileReference; lastKnownFileType = wrapper.framework; name = XCTest.framework; path = Library/Frameworks/XCTest.framework; sourceTree = DEVELOPER_DIR; };
		6003F5B7195388D20070C39A /* Tests-Info.plist */ = {isa = PBXFileReference; lastKnownFileType = text.plist.xml; path = "Tests-Info.plist"; sourceTree = "<group>"; };
		6003F5B9195388D20070C39A /* en */ = {isa = PBXFileReference; lastKnownFileType = text.plist.strings; name = en; path = en.lproj/InfoPlist.strings; sourceTree = "<group>"; };
		6003F5BB195388D20070C39A /* Tests.m */ = {isa = PBXFileReference; lastKnownFileType = sourcecode.c.objc; path = Tests.m; sourceTree = "<group>"; };
		606FC2411953D9B200FFA9A0 /* Tests-Prefix.pch */ = {isa = PBXFileReference; lastKnownFileType = sourcecode.c.h; path = "Tests-Prefix.pch"; sourceTree = "<group>"; };
		71719F9E1E33DC2100824A3D /* Base */ = {isa = PBXFileReference; lastKnownFileType = file.storyboard; name = Base; path = Base.lproj/LaunchScreen.storyboard; sourceTree = "<group>"; };
		7F94E0F6F46DF5B25762476E /* Pods-JQCollectionViewWaterfallLayout_Example.debug.xcconfig */ = {isa = PBXFileReference; includeInIndex = 1; lastKnownFileType = text.xcconfig; name = "Pods-JQCollectionViewWaterfallLayout_Example.debug.xcconfig"; path = "Pods/Target Support Files/Pods-JQCollectionViewWaterfallLayout_Example/Pods-JQCollectionViewWaterfallLayout_Example.debug.xcconfig"; sourceTree = "<group>"; };
		873B8AEA1B1F5CCA007FD442 /* Main.storyboard */ = {isa = PBXFileReference; fileEncoding = 4; lastKnownFileType = file.storyboard; name = Main.storyboard; path = Base.lproj/Main.storyboard; sourceTree = "<group>"; };
		906064F41BD9494856C64A8E /* Pods-JQCollectionViewWaterfallLayout_Tests.debug.xcconfig */ = {isa = PBXFileReference; includeInIndex = 1; lastKnownFileType = text.xcconfig; name = "Pods-JQCollectionViewWaterfallLayout_Tests.debug.xcconfig"; path = "Pods/Target Support Files/Pods-JQCollectionViewWaterfallLayout_Tests/Pods-JQCollectionViewWaterfallLayout_Tests.debug.xcconfig"; sourceTree = "<group>"; };
		94935C49573EF372B780A1A9 /* Pods_JQCollectionViewWaterfallLayout_Tests.framework */ = {isa = PBXFileReference; explicitFileType = wrapper.framework; includeInIndex = 0; path = Pods_JQCollectionViewWaterfallLayout_Tests.framework; sourceTree = BUILT_PRODUCTS_DIR; };
		AD1238CE45FA7CB0CAE53815 /* Pods-JQCollectionViewWaterfallLayout_Tests.release.xcconfig */ = {isa = PBXFileReference; includeInIndex = 1; lastKnownFileType = text.xcconfig; name = "Pods-JQCollectionViewWaterfallLayout_Tests.release.xcconfig"; path = "Pods/Target Support Files/Pods-JQCollectionViewWaterfallLayout_Tests/Pods-JQCollectionViewWaterfallLayout_Tests.release.xcconfig"; sourceTree = "<group>"; };
		F3992C29212A6C6C0097E54A /* JQCollectionViewImageCell.xib */ = {isa = PBXFileReference; fileEncoding = 4; lastKnownFileType = file.xib; path = JQCollectionViewImageCell.xib; sourceTree = "<group>"; };
		F3992C2A212A6C6C0097E54A /* JQCollectionViewImageCell.m */ = {isa = PBXFileReference; fileEncoding = 4; lastKnownFileType = sourcecode.c.objc; path = JQCollectionViewImageCell.m; sourceTree = "<group>"; };
		F3992C2B212A6C6D0097E54A /* JQCollectionViewImageCell.h */ = {isa = PBXFileReference; fileEncoding = 4; lastKnownFileType = sourcecode.c.h; path = JQCollectionViewImageCell.h; sourceTree = "<group>"; };
		F3992C2F212A6C810097E54A /* image_15.jpg */ = {isa = PBXFileReference; lastKnownFileType = image.jpeg; path = image_15.jpg; sourceTree = "<group>"; };
		F3992C30212A6C810097E54A /* image_29.jpg */ = {isa = PBXFileReference; lastKnownFileType = image.jpeg; path = image_29.jpg; sourceTree = "<group>"; };
		F3992C31212A6C810097E54A /* image_28.jpg */ = {isa = PBXFileReference; lastKnownFileType = image.jpeg; path = image_28.jpg; sourceTree = "<group>"; };
		F3992C32212A6C810097E54A /* image_14.jpg */ = {isa = PBXFileReference; lastKnownFileType = image.jpeg; path = image_14.jpg; sourceTree = "<group>"; };
		F3992C33212A6C810097E54A /* image_16.jpg */ = {isa = PBXFileReference; lastKnownFileType = image.jpeg; path = image_16.jpg; sourceTree = "<group>"; };
		F3992C34212A6C810097E54A /* image_17.jpg */ = {isa = PBXFileReference; lastKnownFileType = image.jpeg; path = image_17.jpg; sourceTree = "<group>"; };
		F3992C35212A6C810097E54A /* image_13.jpg */ = {isa = PBXFileReference; lastKnownFileType = image.jpeg; path = image_13.jpg; sourceTree = "<group>"; };
		F3992C36212A6C810097E54A /* image_12.jpg */ = {isa = PBXFileReference; lastKnownFileType = image.jpeg; path = image_12.jpg; sourceTree = "<group>"; };
		F3992C37212A6C810097E54A /* image_38.jpg */ = {isa = PBXFileReference; lastKnownFileType = image.jpeg; path = image_38.jpg; sourceTree = "<group>"; };
		F3992C38212A6C810097E54A /* image_10.jpg */ = {isa = PBXFileReference; lastKnownFileType = image.jpeg; path = image_10.jpg; sourceTree = "<group>"; };
		F3992C39212A6C810097E54A /* image_11.jpg */ = {isa = PBXFileReference; lastKnownFileType = image.jpeg; path = image_11.jpg; sourceTree = "<group>"; };
		F3992C3A212A6C810097E54A /* image_39.jpg */ = {isa = PBXFileReference; lastKnownFileType = image.jpeg; path = image_39.jpg; sourceTree = "<group>"; };
		F3992C3B212A6C810097E54A /* image_76.jpg */ = {isa = PBXFileReference; lastKnownFileType = image.jpeg; path = image_76.jpg; sourceTree = "<group>"; };
		F3992C3C212A6C810097E54A /* image_62.jpg */ = {isa = PBXFileReference; lastKnownFileType = image.jpeg; path = image_62.jpg; sourceTree = "<group>"; };
		F3992C3D212A6C810097E54A /* image_89.jpg */ = {isa = PBXFileReference; lastKnownFileType = image.jpeg; path = image_89.jpg; sourceTree = "<group>"; };
		F3992C3E212A6C810097E54A /* image_88.jpg */ = {isa = PBXFileReference; lastKnownFileType = image.jpeg; path = image_88.jpg; sourceTree = "<group>"; };
		F3992C3F212A6C810097E54A /* image_63.jpg */ = {isa = PBXFileReference; lastKnownFileType = image.jpeg; path = image_63.jpg; sourceTree = "<group>"; };
		F3992C40212A6C810097E54A /* image_77.jpg */ = {isa = PBXFileReference; lastKnownFileType = image.jpeg; path = image_77.jpg; sourceTree = "<group>"; };
		F3992C41212A6C810097E54A /* image_61.jpg */ = {isa = PBXFileReference; lastKnownFileType = image.jpeg; path = image_61.jpg; sourceTree = "<group>"; };
		F3992C42212A6C810097E54A /* image_75.jpg */ = {isa = PBXFileReference; lastKnownFileType = image.jpeg; path = image_75.jpg; sourceTree = "<group>"; };
		F3992C43212A6C810097E54A /* image_8.jpg */ = {isa = PBXFileReference; lastKnownFileType = image.jpeg; path = image_8.jpg; sourceTree = "<group>"; };
		F3992C44212A6C810097E54A /* image_49.jpg */ = {isa = PBXFileReference; lastKnownFileType = image.jpeg; path = image_49.jpg; sourceTree = "<group>"; };
		F3992C45212A6C810097E54A /* image_48.jpg */ = {isa = PBXFileReference; lastKnownFileType = image.jpeg; path = image_48.jpg; sourceTree = "<group>"; };
		F3992C46212A6C810097E54A /* image_9.jpg */ = {isa = PBXFileReference; lastKnownFileType = image.jpeg; path = image_9.jpg; sourceTree = "<group>"; };
		F3992C47212A6C810097E54A /* image_74.jpg */ = {isa = PBXFileReference; lastKnownFileType = image.jpeg; path = image_74.jpg; sourceTree = "<group>"; };
		F3992C48212A6C810097E54A /* image_60.jpg */ = {isa = PBXFileReference; lastKnownFileType = image.jpeg; path = image_60.jpg; sourceTree = "<group>"; };
		F3992C49212A6C810097E54A /* image_58.jpg */ = {isa = PBXFileReference; lastKnownFileType = image.jpeg; path = image_58.jpg; sourceTree = "<group>"; };
		F3992C4A212A6C810097E54A /* image_64.jpg */ = {isa = PBXFileReference; lastKnownFileType = image.jpeg; path = image_64.jpg; sourceTree = "<group>"; };
		F3992C4B212A6C810097E54A /* image_70.jpg */ = {isa = PBXFileReference; lastKnownFileType = image.jpeg; path = image_70.jpg; sourceTree = "<group>"; };
		F3992C4C212A6C810097E54A /* image_71.jpg */ = {isa = PBXFileReference; lastKnownFileType = image.jpeg; path = image_71.jpg; sourceTree = "<group>"; };
		F3992C4D212A6C810097E54A /* image_65.jpg */ = {isa = PBXFileReference; lastKnownFileType = image.jpeg; path = image_65.jpg; sourceTree = "<group>"; };
		F3992C4E212A6C810097E54A /* image_59.jpg */ = {isa = PBXFileReference; lastKnownFileType = image.jpeg; path = image_59.jpg; sourceTree = "<group>"; };
		F3992C4F212A6C810097E54A /* image_73.jpg */ = {isa = PBXFileReference; lastKnownFileType = image.jpeg; path = image_73.jpg; sourceTree = "<group>"; };
		F3992C50212A6C810097E54A /* image_67.jpg */ = {isa = PBXFileReference; lastKnownFileType = image.jpeg; path = image_67.jpg; sourceTree = "<group>"; };
		F3992C51212A6C810097E54A /* image_66.jpg */ = {isa = PBXFileReference; lastKnownFileType = image.jpeg; path = image_66.jpg; sourceTree = "<group>"; };
		F3992C52212A6C810097E54A /* image_72.jpg */ = {isa = PBXFileReference; lastKnownFileType = image.jpeg; path = image_72.jpg; sourceTree = "<group>"; };
		F3992C53212A6C810097E54A /* image_57.jpg */ = {isa = PBXFileReference; lastKnownFileType = image.jpeg; path = image_57.jpg; sourceTree = "<group>"; };
		F3992C54212A6C810097E54A /* image_2.jpg */ = {isa = PBXFileReference; lastKnownFileType = image.jpeg; path = image_2.jpg; sourceTree = "<group>"; };
		F3992C55212A6C810097E54A /* image_43.jpg */ = {isa = PBXFileReference; lastKnownFileType = image.jpeg; path = image_43.jpg; sourceTree = "<group>"; };
		F3992C56212A6C810097E54A /* image_80.jpg */ = {isa = PBXFileReference; lastKnownFileType = image.jpeg; path = image_80.jpg; sourceTree = "<group>"; };
		F3992C57212A6C810097E54A /* image_81.jpg */ = {isa = PBXFileReference; lastKnownFileType = image.jpeg; path = image_81.jpg; sourceTree = "<group>"; };
		F3992C58212A6C810097E54A /* image_42.jpg */ = {isa = PBXFileReference; lastKnownFileType = image.jpeg; path = image_42.jpg; sourceTree = "<group>"; };
		F3992C59212A6C810097E54A /* image_56.jpg */ = {isa = PBXFileReference; lastKnownFileType = image.jpeg; path = image_56.jpg; sourceTree = "<group>"; };
		F3992C5A212A6C810097E54A /* image_3.jpg */ = {isa = PBXFileReference; lastKnownFileType = image.jpeg; path = image_3.jpg; sourceTree = "<group>"; };
		F3992C5B212A6C810097E54A /* image_40.jpg */ = {isa = PBXFileReference; lastKnownFileType = image.jpeg; path = image_40.jpg; sourceTree = "<group>"; };
		F3992C5C212A6C810097E54A /* image_1.jpg */ = {isa = PBXFileReference; lastKnownFileType = image.jpeg; path = image_1.jpg; sourceTree = "<group>"; };
		F3992C5D212A6C810097E54A /* image_54.jpg */ = {isa = PBXFileReference; lastKnownFileType = image.jpeg; path = image_54.jpg; sourceTree = "<group>"; };
		F3992C5E212A6C810097E54A /* image_68.jpg */ = {isa = PBXFileReference; lastKnownFileType = image.jpeg; path = image_68.jpg; sourceTree = "<group>"; };
		F3992C5F212A6C810097E54A /* image_83.jpg */ = {isa = PBXFileReference; lastKnownFileType = image.jpeg; path = image_83.jpg; sourceTree = "<group>"; };
		F3992C60212A6C810097E54A /* image_82.jpg */ = {isa = PBXFileReference; lastKnownFileType = image.jpeg; path = image_82.jpg; sourceTree = "<group>"; };
		F3992C61212A6C810097E54A /* image_69.jpg */ = {isa = PBXFileReference; lastKnownFileType = image.jpeg; path = image_69.jpg; sourceTree = "<group>"; };
		F3992C62212A6C810097E54A /* image_0.jpg */ = {isa = PBXFileReference; lastKnownFileType = image.jpeg; path = image_0.jpg; sourceTree = "<group>"; };
		F3992C63212A6C810097E54A /* image_55.jpg */ = {isa = PBXFileReference; lastKnownFileType = image.jpeg; path = image_55.jpg; sourceTree = "<group>"; };
		F3992C64212A6C810097E54A /* image_41.jpg */ = {isa = PBXFileReference; lastKnownFileType = image.jpeg; path = image_41.jpg; sourceTree = "<group>"; };
		F3992C65212A6C810097E54A /* image_79.jpg */ = {isa = PBXFileReference; lastKnownFileType = image.jpeg; path = image_79.jpg; sourceTree = "<group>"; };
		F3992C66212A6C810097E54A /* image_45.jpg */ = {isa = PBXFileReference; lastKnownFileType = image.jpeg; path = image_45.jpg; sourceTree = "<group>"; };
		F3992C67212A6C810097E54A /* image_51.jpg */ = {isa = PBXFileReference; lastKnownFileType = image.jpeg; path = image_51.jpg; sourceTree = "<group>"; };
		F3992C68212A6C810097E54A /* image_4.jpg */ = {isa = PBXFileReference; lastKnownFileType = image.jpeg; path = image_4.jpg; sourceTree = "<group>"; };
		F3992C69212A6C810097E54A /* image_86.jpg */ = {isa = PBXFileReference; lastKnownFileType = image.jpeg; path = image_86.jpg; sourceTree = "<group>"; };
		F3992C6A212A6C810097E54A /* image_87.jpg */ = {isa = PBXFileReference; lastKnownFileType = image.jpeg; path = image_87.jpg; sourceTree = "<group>"; };
		F3992C6B212A6C810097E54A /* image_50.jpg */ = {isa = PBXFileReference; lastKnownFileType = image.jpeg; path = image_50.jpg; sourceTree = "<group>"; };
		F3992C6C212A6C810097E54A /* image_5.jpg */ = {isa = PBXFileReference; lastKnownFileType = image.jpeg; path = image_5.jpg; sourceTree = "<group>"; };
		F3992C6D212A6C810097E54A /* image_44.jpg */ = {isa = PBXFileReference; lastKnownFileType = image.jpeg; path = image_44.jpg; sourceTree = "<group>"; };
		F3992C6E212A6C810097E54A /* image_78.jpg */ = {isa = PBXFileReference; lastKnownFileType = image.jpeg; path = image_78.jpg; sourceTree = "<group>"; };
		F3992C6F212A6C810097E54A /* image_7.jpg */ = {isa = PBXFileReference; lastKnownFileType = image.jpeg; path = image_7.jpg; sourceTree = "<group>"; };
		F3992C70212A6C810097E54A /* image_52.jpg */ = {isa = PBXFileReference; lastKnownFileType = image.jpeg; path = image_52.jpg; sourceTree = "<group>"; };
		F3992C71212A6C810097E54A /* image_46.jpg */ = {isa = PBXFileReference; lastKnownFileType = image.jpeg; path = image_46.jpg; sourceTree = "<group>"; };
		F3992C72212A6C810097E54A /* image_85.jpg */ = {isa = PBXFileReference; lastKnownFileType = image.jpeg; path = image_85.jpg; sourceTree = "<group>"; };
		F3992C73212A6C810097E54A /* image_84.jpg */ = {isa = PBXFileReference; lastKnownFileType = image.jpeg; path = image_84.jpg; sourceTree = "<group>"; };
		F3992C74212A6C810097E54A /* image_90.jpg */ = {isa = PBXFileReference; lastKnownFileType = image.jpeg; path = image_90.jpg; sourceTree = "<group>"; };
		F3992C75212A6C810097E54A /* image_47.jpg */ = {isa = PBXFileReference; lastKnownFileType = image.jpeg; path = image_47.jpg; sourceTree = "<group>"; };
		F3992C76212A6C810097E54A /* image_6.jpg */ = {isa = PBXFileReference; lastKnownFileType = image.jpeg; path = image_6.jpg; sourceTree = "<group>"; };
		F3992C77212A6C810097E54A /* image_53.jpg */ = {isa = PBXFileReference; lastKnownFileType = image.jpeg; path = image_53.jpg; sourceTree = "<group>"; };
		F3992C78212A6C810097E54A /* image_34.jpg */ = {isa = PBXFileReference; lastKnownFileType = image.jpeg; path = image_34.jpg; sourceTree = "<group>"; };
		F3992C79212A6C810097E54A /* image_20.jpg */ = {isa = PBXFileReference; lastKnownFileType = image.jpeg; path = image_20.jpg; sourceTree = "<group>"; };
		F3992C7A212A6C810097E54A /* image_21.jpg */ = {isa = PBXFileReference; lastKnownFileType = image.jpeg; path = image_21.jpg; sourceTree = "<group>"; };
		F3992C7B212A6C810097E54A /* image_35.jpg */ = {isa = PBXFileReference; lastKnownFileType = image.jpeg; path = image_35.jpg; sourceTree = "<group>"; };
		F3992C7C212A6C810097E54A /* image_23.jpg */ = {isa = PBXFileReference; lastKnownFileType = image.jpeg; path = image_23.jpg; sourceTree = "<group>"; };
		F3992C7D212A6C810097E54A /* image_37.jpg */ = {isa = PBXFileReference; lastKnownFileType = image.jpeg; path = image_37.jpg; sourceTree = "<group>"; };
		F3992C7E212A6C810097E54A /* image_36.jpg */ = {isa = PBXFileReference; lastKnownFileType = image.jpeg; path = image_36.jpg; sourceTree = "<group>"; };
		F3992C7F212A6C810097E54A /* image_22.jpg */ = {isa = PBXFileReference; lastKnownFileType = image.jpeg; path = image_22.jpg; sourceTree = "<group>"; };
		F3992C80212A6C810097E54A /* image_26.jpg */ = {isa = PBXFileReference; lastKnownFileType = image.jpeg; path = image_26.jpg; sourceTree = "<group>"; };
		F3992C81212A6C810097E54A /* image_32.jpg */ = {isa = PBXFileReference; lastKnownFileType = image.jpeg; path = image_32.jpg; sourceTree = "<group>"; };
		F3992C82212A6C810097E54A /* image_33.jpg */ = {isa = PBXFileReference; lastKnownFileType = image.jpeg; path = image_33.jpg; sourceTree = "<group>"; };
		F3992C83212A6C810097E54A /* image_27.jpg */ = {isa = PBXFileReference; lastKnownFileType = image.jpeg; path = image_27.jpg; sourceTree = "<group>"; };
		F3992C84212A6C810097E54A /* image_19.jpg */ = {isa = PBXFileReference; lastKnownFileType = image.jpeg; path = image_19.jpg; sourceTree = "<group>"; };
		F3992C85212A6C810097E54A /* image_31.jpg */ = {isa = PBXFileReference; lastKnownFileType = image.jpeg; path = image_31.jpg; sourceTree = "<group>"; };
		F3992C86212A6C810097E54A /* image_25.jpg */ = {isa = PBXFileReference; lastKnownFileType = image.jpeg; path = image_25.jpg; sourceTree = "<group>"; };
		F3992C87212A6C810097E54A /* image_24.jpg */ = {isa = PBXFileReference; lastKnownFileType = image.jpeg; path = image_24.jpg; sourceTree = "<group>"; };
		F3992C88212A6C810097E54A /* image_30.jpg */ = {isa = PBXFileReference; lastKnownFileType = image.jpeg; path = image_30.jpg; sourceTree = "<group>"; };
		F3992C89212A6C810097E54A /* image_18.jpg */ = {isa = PBXFileReference; lastKnownFileType = image.jpeg; path = image_18.jpg; sourceTree = "<group>"; };
		FA7BFD96636667FF113B31D6 /* LICENSE */ = {isa = PBXFileReference; includeInIndex = 1; lastKnownFileType = text; name = LICENSE; path = ../LICENSE; sourceTree = "<group>"; };
/* End PBXFileReference section */

/* Begin PBXFrameworksBuildPhase section */
		6003F587195388D20070C39A /* Frameworks */ = {
			isa = PBXFrameworksBuildPhase;
			buildActionMask = 2147483647;
			files = (
				6003F590195388D20070C39A /* CoreGraphics.framework in Frameworks */,
				6003F592195388D20070C39A /* UIKit.framework in Frameworks */,
				6003F58E195388D20070C39A /* Foundation.framework in Frameworks */,
				3C69CD257D8EA8D576B17F97 /* Pods_JQCollectionViewWaterfallLayout_Example.framework in Frameworks */,
			);
			runOnlyForDeploymentPostprocessing = 0;
		};
		6003F5AB195388D20070C39A /* Frameworks */ = {
			isa = PBXFrameworksBuildPhase;
			buildActionMask = 2147483647;
			files = (
				6003F5B0195388D20070C39A /* XCTest.framework in Frameworks */,
				6003F5B2195388D20070C39A /* UIKit.framework in Frameworks */,
				6003F5B1195388D20070C39A /* Foundation.framework in Frameworks */,
				9FAEAE6A4FBD66118EA12A2A /* Pods_JQCollectionViewWaterfallLayout_Tests.framework in Frameworks */,
			);
			runOnlyForDeploymentPostprocessing = 0;
		};
/* End PBXFrameworksBuildPhase section */

/* Begin PBXGroup section */
		6003F581195388D10070C39A = {
			isa = PBXGroup;
			children = (
				60FF7A9C1954A5C5007DD14C /* Podspec Metadata */,
				6003F593195388D20070C39A /* Example for JQCollectionViewWaterfallLayout */,
				6003F5B5195388D20070C39A /* Tests */,
				6003F58C195388D20070C39A /* Frameworks */,
				6003F58B195388D20070C39A /* Products */,
				9E04C4386201A55929CF80B4 /* Pods */,
			);
			sourceTree = "<group>";
		};
		6003F58B195388D20070C39A /* Products */ = {
			isa = PBXGroup;
			children = (
				6003F58A195388D20070C39A /* JQCollectionViewWaterfallLayout_Example.app */,
				6003F5AE195388D20070C39A /* JQCollectionViewWaterfallLayout_Tests.xctest */,
			);
			name = Products;
			sourceTree = "<group>";
		};
		6003F58C195388D20070C39A /* Frameworks */ = {
			isa = PBXGroup;
			children = (
				6003F58D195388D20070C39A /* Foundation.framework */,
				6003F58F195388D20070C39A /* CoreGraphics.framework */,
				6003F591195388D20070C39A /* UIKit.framework */,
				6003F5AF195388D20070C39A /* XCTest.framework */,
				53D99672C82D44AD3CAF9EE2 /* Pods_JQCollectionViewWaterfallLayout_Example.framework */,
				94935C49573EF372B780A1A9 /* Pods_JQCollectionViewWaterfallLayout_Tests.framework */,
			);
			name = Frameworks;
			sourceTree = "<group>";
		};
		6003F593195388D20070C39A /* Example for JQCollectionViewWaterfallLayout */ = {
			isa = PBXGroup;
			children = (
				6003F59C195388D20070C39A /* JQAppDelegate.h */,
				6003F59D195388D20070C39A /* JQAppDelegate.m */,
				873B8AEA1B1F5CCA007FD442 /* Main.storyboard */,
				6003F5A5195388D20070C39A /* JQViewController.h */,
				6003F5A6195388D20070C39A /* JQViewController.m */,
				F3992C2B212A6C6D0097E54A /* JQCollectionViewImageCell.h */,
				F3992C2A212A6C6C0097E54A /* JQCollectionViewImageCell.m */,
				F3992C29212A6C6C0097E54A /* JQCollectionViewImageCell.xib */,
				71719F9D1E33DC2100824A3D /* LaunchScreen.storyboard */,
				6003F5A8195388D20070C39A /* Images.xcassets */,
				6003F594195388D20070C39A /* Supporting Files */,
			);
			name = "Example for JQCollectionViewWaterfallLayout";
			path = JQCollectionViewWaterfallLayout;
			sourceTree = "<group>";
		};
		6003F594195388D20070C39A /* Supporting Files */ = {
			isa = PBXGroup;
			children = (
				F3992C2E212A6C810097E54A /* DemoImages */,
				6003F595195388D20070C39A /* JQCollectionViewWaterfallLayout-Info.plist */,
				6003F596195388D20070C39A /* InfoPlist.strings */,
				6003F599195388D20070C39A /* main.m */,
				6003F59B195388D20070C39A /* JQCollectionViewWaterfallLayout-Prefix.pch */,
			);
			name = "Supporting Files";
			sourceTree = "<group>";
		};
		6003F5B5195388D20070C39A /* Tests */ = {
			isa = PBXGroup;
			children = (
				6003F5BB195388D20070C39A /* Tests.m */,
				6003F5B6195388D20070C39A /* Supporting Files */,
			);
			path = Tests;
			sourceTree = "<group>";
		};
		6003F5B6195388D20070C39A /* Supporting Files */ = {
			isa = PBXGroup;
			children = (
				6003F5B7195388D20070C39A /* Tests-Info.plist */,
				6003F5B8195388D20070C39A /* InfoPlist.strings */,
				606FC2411953D9B200FFA9A0 /* Tests-Prefix.pch */,
			);
			name = "Supporting Files";
			sourceTree = "<group>";
		};
		60FF7A9C1954A5C5007DD14C /* Podspec Metadata */ = {
			isa = PBXGroup;
			children = (
				2EB08734A881BA825C178870 /* JQCollectionViewWaterfallLayout.podspec */,
				1209E3D5F39EFB83DEAC9438 /* README.md */,
				FA7BFD96636667FF113B31D6 /* LICENSE */,
			);
			name = "Podspec Metadata";
			sourceTree = "<group>";
		};
		9E04C4386201A55929CF80B4 /* Pods */ = {
			isa = PBXGroup;
			children = (
				7F94E0F6F46DF5B25762476E /* Pods-JQCollectionViewWaterfallLayout_Example.debug.xcconfig */,
				4CC07AF0D21F1F3463717BAE /* Pods-JQCollectionViewWaterfallLayout_Example.release.xcconfig */,
				906064F41BD9494856C64A8E /* Pods-JQCollectionViewWaterfallLayout_Tests.debug.xcconfig */,
				AD1238CE45FA7CB0CAE53815 /* Pods-JQCollectionViewWaterfallLayout_Tests.release.xcconfig */,
			);
			name = Pods;
			sourceTree = "<group>";
		};
		F3992C2E212A6C810097E54A /* DemoImages */ = {
			isa = PBXGroup;
			children = (
				F3992C2F212A6C810097E54A /* image_15.jpg */,
				F3992C30212A6C810097E54A /* image_29.jpg */,
				F3992C31212A6C810097E54A /* image_28.jpg */,
				F3992C32212A6C810097E54A /* image_14.jpg */,
				F3992C33212A6C810097E54A /* image_16.jpg */,
				F3992C34212A6C810097E54A /* image_17.jpg */,
				F3992C35212A6C810097E54A /* image_13.jpg */,
				F3992C36212A6C810097E54A /* image_12.jpg */,
				F3992C37212A6C810097E54A /* image_38.jpg */,
				F3992C38212A6C810097E54A /* image_10.jpg */,
				F3992C39212A6C810097E54A /* image_11.jpg */,
				F3992C3A212A6C810097E54A /* image_39.jpg */,
				F3992C3B212A6C810097E54A /* image_76.jpg */,
				F3992C3C212A6C810097E54A /* image_62.jpg */,
				F3992C3D212A6C810097E54A /* image_89.jpg */,
				F3992C3E212A6C810097E54A /* image_88.jpg */,
				F3992C3F212A6C810097E54A /* image_63.jpg */,
				F3992C40212A6C810097E54A /* image_77.jpg */,
				F3992C41212A6C810097E54A /* image_61.jpg */,
				F3992C42212A6C810097E54A /* image_75.jpg */,
				F3992C43212A6C810097E54A /* image_8.jpg */,
				F3992C44212A6C810097E54A /* image_49.jpg */,
				F3992C45212A6C810097E54A /* image_48.jpg */,
				F3992C46212A6C810097E54A /* image_9.jpg */,
				F3992C47212A6C810097E54A /* image_74.jpg */,
				F3992C48212A6C810097E54A /* image_60.jpg */,
				F3992C49212A6C810097E54A /* image_58.jpg */,
				F3992C4A212A6C810097E54A /* image_64.jpg */,
				F3992C4B212A6C810097E54A /* image_70.jpg */,
				F3992C4C212A6C810097E54A /* image_71.jpg */,
				F3992C4D212A6C810097E54A /* image_65.jpg */,
				F3992C4E212A6C810097E54A /* image_59.jpg */,
				F3992C4F212A6C810097E54A /* image_73.jpg */,
				F3992C50212A6C810097E54A /* image_67.jpg */,
				F3992C51212A6C810097E54A /* image_66.jpg */,
				F3992C52212A6C810097E54A /* image_72.jpg */,
				F3992C53212A6C810097E54A /* image_57.jpg */,
				F3992C54212A6C810097E54A /* image_2.jpg */,
				F3992C55212A6C810097E54A /* image_43.jpg */,
				F3992C56212A6C810097E54A /* image_80.jpg */,
				F3992C57212A6C810097E54A /* image_81.jpg */,
				F3992C58212A6C810097E54A /* image_42.jpg */,
				F3992C59212A6C810097E54A /* image_56.jpg */,
				F3992C5A212A6C810097E54A /* image_3.jpg */,
				F3992C5B212A6C810097E54A /* image_40.jpg */,
				F3992C5C212A6C810097E54A /* image_1.jpg */,
				F3992C5D212A6C810097E54A /* image_54.jpg */,
				F3992C5E212A6C810097E54A /* image_68.jpg */,
				F3992C5F212A6C810097E54A /* image_83.jpg */,
				F3992C60212A6C810097E54A /* image_82.jpg */,
				F3992C61212A6C810097E54A /* image_69.jpg */,
				F3992C62212A6C810097E54A /* image_0.jpg */,
				F3992C63212A6C810097E54A /* image_55.jpg */,
				F3992C64212A6C810097E54A /* image_41.jpg */,
				F3992C65212A6C810097E54A /* image_79.jpg */,
				F3992C66212A6C810097E54A /* image_45.jpg */,
				F3992C67212A6C810097E54A /* image_51.jpg */,
				F3992C68212A6C810097E54A /* image_4.jpg */,
				F3992C69212A6C810097E54A /* image_86.jpg */,
				F3992C6A212A6C810097E54A /* image_87.jpg */,
				F3992C6B212A6C810097E54A /* image_50.jpg */,
				F3992C6C212A6C810097E54A /* image_5.jpg */,
				F3992C6D212A6C810097E54A /* image_44.jpg */,
				F3992C6E212A6C810097E54A /* image_78.jpg */,
				F3992C6F212A6C810097E54A /* image_7.jpg */,
				F3992C70212A6C810097E54A /* image_52.jpg */,
				F3992C71212A6C810097E54A /* image_46.jpg */,
				F3992C72212A6C810097E54A /* image_85.jpg */,
				F3992C73212A6C810097E54A /* image_84.jpg */,
				F3992C74212A6C810097E54A /* image_90.jpg */,
				F3992C75212A6C810097E54A /* image_47.jpg */,
				F3992C76212A6C810097E54A /* image_6.jpg */,
				F3992C77212A6C810097E54A /* image_53.jpg */,
				F3992C78212A6C810097E54A /* image_34.jpg */,
				F3992C79212A6C810097E54A /* image_20.jpg */,
				F3992C7A212A6C810097E54A /* image_21.jpg */,
				F3992C7B212A6C810097E54A /* image_35.jpg */,
				F3992C7C212A6C810097E54A /* image_23.jpg */,
				F3992C7D212A6C810097E54A /* image_37.jpg */,
				F3992C7E212A6C810097E54A /* image_36.jpg */,
				F3992C7F212A6C810097E54A /* image_22.jpg */,
				F3992C80212A6C810097E54A /* image_26.jpg */,
				F3992C81212A6C810097E54A /* image_32.jpg */,
				F3992C82212A6C810097E54A /* image_33.jpg */,
				F3992C83212A6C810097E54A /* image_27.jpg */,
				F3992C84212A6C810097E54A /* image_19.jpg */,
				F3992C85212A6C810097E54A /* image_31.jpg */,
				F3992C86212A6C810097E54A /* image_25.jpg */,
				F3992C87212A6C810097E54A /* image_24.jpg */,
				F3992C88212A6C810097E54A /* image_30.jpg */,
				F3992C89212A6C810097E54A /* image_18.jpg */,
			);
			path = DemoImages;
			sourceTree = "<group>";
		};
/* End PBXGroup section */

/* Begin PBXNativeTarget section */
		6003F589195388D20070C39A /* JQCollectionViewWaterfallLayout_Example */ = {
			isa = PBXNativeTarget;
			buildConfigurationList = 6003F5BF195388D20070C39A /* Build configuration list for PBXNativeTarget "JQCollectionViewWaterfallLayout_Example" */;
			buildPhases = (
				239FF320F123E145BF6ACEA7 /* [CP] Check Pods Manifest.lock */,
				6003F586195388D20070C39A /* Sources */,
				6003F587195388D20070C39A /* Frameworks */,
				6003F588195388D20070C39A /* Resources */,
				C1C251C33DFD4368A0C1DEE7 /* [CP] Embed Pods Frameworks */,
			);
			buildRules = (
			);
			dependencies = (
			);
			name = JQCollectionViewWaterfallLayout_Example;
			productName = JQCollectionViewWaterfallLayout;
			productReference = 6003F58A195388D20070C39A /* JQCollectionViewWaterfallLayout_Example.app */;
			productType = "com.apple.product-type.application";
		};
		6003F5AD195388D20070C39A /* JQCollectionViewWaterfallLayout_Tests */ = {
			isa = PBXNativeTarget;
			buildConfigurationList = 6003F5C2195388D20070C39A /* Build configuration list for PBXNativeTarget "JQCollectionViewWaterfallLayout_Tests" */;
			buildPhases = (
				04A41D2B5CF4C98FB6C2383D /* [CP] Check Pods Manifest.lock */,
				6003F5AA195388D20070C39A /* Sources */,
				6003F5AB195388D20070C39A /* Frameworks */,
				6003F5AC195388D20070C39A /* Resources */,
			);
			buildRules = (
			);
			dependencies = (
				6003F5B4195388D20070C39A /* PBXTargetDependency */,
			);
			name = JQCollectionViewWaterfallLayout_Tests;
			productName = JQCollectionViewWaterfallLayoutTests;
			productReference = 6003F5AE195388D20070C39A /* JQCollectionViewWaterfallLayout_Tests.xctest */;
			productType = "com.apple.product-type.bundle.unit-test";
		};
/* End PBXNativeTarget section */

/* Begin PBXProject section */
		6003F582195388D10070C39A /* Project object */ = {
			isa = PBXProject;
			attributes = {
				CLASSPREFIX = JQ;
				LastUpgradeCheck = 0930;
				ORGANIZATIONNAME = "coder-zjq";
				TargetAttributes = {
					6003F589195388D20070C39A = {
						DevelopmentTeam = 92MVBZK45G;
					};
					6003F5AD195388D20070C39A = {
						TestTargetID = 6003F589195388D20070C39A;
					};
				};
			};
			buildConfigurationList = 6003F585195388D10070C39A /* Build configuration list for PBXProject "JQCollectionViewWaterfallLayout" */;
			compatibilityVersion = "Xcode 3.2";
			developmentRegion = English;
			hasScannedForEncodings = 0;
			knownRegions = (
				en,
				Base,
			);
			mainGroup = 6003F581195388D10070C39A;
			productRefGroup = 6003F58B195388D20070C39A /* Products */;
			projectDirPath = "";
			projectRoot = "";
			targets = (
				6003F589195388D20070C39A /* JQCollectionViewWaterfallLayout_Example */,
				6003F5AD195388D20070C39A /* JQCollectionViewWaterfallLayout_Tests */,
			);
		};
/* End PBXProject section */

/* Begin PBXResourcesBuildPhase section */
		6003F588195388D20070C39A /* Resources */ = {
			isa = PBXResourcesBuildPhase;
			buildActionMask = 2147483647;
			files = (
				873B8AEB1B1F5CCA007FD442 /* Main.storyboard in Resources */,
				F3992CCB212A6C810097E54A /* image_52.jpg in Resources */,
				F3992CC8212A6C810097E54A /* image_44.jpg in Resources */,
				F3992C95212A6C810097E54A /* image_39.jpg in Resources */,
				F3992CC1212A6C810097E54A /* image_45.jpg in Resources */,
				F3992CA2212A6C810097E54A /* image_74.jpg in Resources */,
				F3992C98212A6C810097E54A /* image_89.jpg in Resources */,
				F3992C8B212A6C810097E54A /* image_29.jpg in Resources */,
				F3992CAE212A6C810097E54A /* image_57.jpg in Resources */,
				F3992CC9212A6C810097E54A /* image_78.jpg in Resources */,
				F3992CC7212A6C810097E54A /* image_5.jpg in Resources */,
				F3992CD6212A6C810097E54A /* image_35.jpg in Resources */,
				F3992CC5212A6C810097E54A /* image_87.jpg in Resources */,
				F3992CAF212A6C810097E54A /* image_2.jpg in Resources */,
				F3992CDD212A6C810097E54A /* image_33.jpg in Resources */,
				F3992C93212A6C810097E54A /* image_10.jpg in Resources */,
				F3992CD1212A6C810097E54A /* image_6.jpg in Resources */,
				F3992CBD212A6C810097E54A /* image_0.jpg in Resources */,
				F3992CBE212A6C810097E54A /* image_55.jpg in Resources */,
				F3992CC4212A6C810097E54A /* image_86.jpg in Resources */,
				F3992CB4212A6C810097E54A /* image_56.jpg in Resources */,
				F3992CC6212A6C810097E54A /* image_50.jpg in Resources */,
				F3992CD7212A6C810097E54A /* image_23.jpg in Resources */,
				F3992CB0212A6C810097E54A /* image_43.jpg in Resources */,
				F3992C8E212A6C810097E54A /* image_16.jpg in Resources */,
				71719F9F1E33DC2100824A3D /* LaunchScreen.storyboard in Resources */,
				F3992CDA212A6C810097E54A /* image_22.jpg in Resources */,
				F3992CE2212A6C810097E54A /* image_24.jpg in Resources */,
				F3992CBC212A6C810097E54A /* image_69.jpg in Resources */,
				F3992CCE212A6C810097E54A /* image_84.jpg in Resources */,
				F3992CA8212A6C810097E54A /* image_65.jpg in Resources */,
				F3992CDB212A6C810097E54A /* image_26.jpg in Resources */,
				F3992C9D212A6C810097E54A /* image_75.jpg in Resources */,
				F3992CC0212A6C810097E54A /* image_79.jpg in Resources */,
				F3992C97212A6C810097E54A /* image_62.jpg in Resources */,
				F3992CAD212A6C810097E54A /* image_72.jpg in Resources */,
				F3992CC2212A6C810097E54A /* image_51.jpg in Resources */,
				F3992CA4212A6C810097E54A /* image_58.jpg in Resources */,
				F3992CE4212A6C810097E54A /* image_18.jpg in Resources */,
				F3992CA3212A6C810097E54A /* image_60.jpg in Resources */,
				F3992CB1212A6C810097E54A /* image_80.jpg in Resources */,
				F3992C8F212A6C810097E54A /* image_17.jpg in Resources */,
				F3992CB9212A6C810097E54A /* image_68.jpg in Resources */,
				F3992CE1212A6C810097E54A /* image_25.jpg in Resources */,
				F3992C90212A6C810097E54A /* image_13.jpg in Resources */,
				F3992CCD212A6C810097E54A /* image_85.jpg in Resources */,
				F3992CB2212A6C810097E54A /* image_81.jpg in Resources */,
				F3992CC3212A6C810097E54A /* image_4.jpg in Resources */,
				F3992C96212A6C810097E54A /* image_76.jpg in Resources */,
				F3992C99212A6C810097E54A /* image_88.jpg in Resources */,
				F3992CAC212A6C810097E54A /* image_66.jpg in Resources */,
				F3992CB3212A6C810097E54A /* image_42.jpg in Resources */,
				F3992CB8212A6C810097E54A /* image_54.jpg in Resources */,
				F3992CD0212A6C810097E54A /* image_47.jpg in Resources */,
				F3992C9B212A6C810097E54A /* image_77.jpg in Resources */,
				F3992CD4212A6C810097E54A /* image_20.jpg in Resources */,
				F3992CA7212A6C810097E54A /* image_71.jpg in Resources */,
				F3992C9A212A6C810097E54A /* image_63.jpg in Resources */,
				F3992CD9212A6C810097E54A /* image_36.jpg in Resources */,
				F3992CDF212A6C810097E54A /* image_19.jpg in Resources */,
				F3992CCF212A6C810097E54A /* image_90.jpg in Resources */,
				F3992CA6212A6C810097E54A /* image_70.jpg in Resources */,
				F3992CBB212A6C810097E54A /* image_82.jpg in Resources */,
				F3992C92212A6C810097E54A /* image_38.jpg in Resources */,
				F3992CBF212A6C810097E54A /* image_41.jpg in Resources */,
				F3992C9E212A6C810097E54A /* image_8.jpg in Resources */,
				F3992CDE212A6C810097E54A /* image_27.jpg in Resources */,
				F3992C9F212A6C810097E54A /* image_49.jpg in Resources */,
				F3992CD8212A6C810097E54A /* image_37.jpg in Resources */,
				6003F5A9195388D20070C39A /* Images.xcassets in Resources */,
				F3992CD3212A6C810097E54A /* image_34.jpg in Resources */,
				F3992CAA212A6C810097E54A /* image_73.jpg in Resources */,
				F3992CDC212A6C810097E54A /* image_32.jpg in Resources */,
				F3992CAB212A6C810097E54A /* image_67.jpg in Resources */,
				F3992C2C212A6C6D0097E54A /* JQCollectionViewImageCell.xib in Resources */,
				6003F598195388D20070C39A /* InfoPlist.strings in Resources */,
				F3992CA0212A6C810097E54A /* image_48.jpg in Resources */,
				F3992C8A212A6C810097E54A /* image_15.jpg in Resources */,
				F3992CB5212A6C810097E54A /* image_3.jpg in Resources */,
				F3992C91212A6C810097E54A /* image_12.jpg in Resources */,
				F3992CE0212A6C810097E54A /* image_31.jpg in Resources */,
				F3992CCA212A6C810097E54A /* image_7.jpg in Resources */,
				F3992CBA212A6C810097E54A /* image_83.jpg in Resources */,
				F3992CE3212A6C810097E54A /* image_30.jpg in Resources */,
				F3992C9C212A6C810097E54A /* image_61.jpg in Resources */,
				F3992C8C212A6C810097E54A /* image_28.jpg in Resources */,
				F3992CD5212A6C810097E54A /* image_21.jpg in Resources */,
				F3992CA9212A6C810097E54A /* image_59.jpg in Resources */,
				F3992CA5212A6C810097E54A /* image_64.jpg in Resources */,
				F3992C8D212A6C810097E54A /* image_14.jpg in Resources */,
				F3992CB7212A6C810097E54A /* image_1.jpg in Resources */,
				F3992CB6212A6C810097E54A /* image_40.jpg in Resources */,
				F3992CA1212A6C810097E54A /* image_9.jpg in Resources */,
				F3992C94212A6C810097E54A /* image_11.jpg in Resources */,
				F3992CCC212A6C810097E54A /* image_46.jpg in Resources */,
				F3992CD2212A6C810097E54A /* image_53.jpg in Resources */,
			);
			runOnlyForDeploymentPostprocessing = 0;
		};
		6003F5AC195388D20070C39A /* Resources */ = {
			isa = PBXResourcesBuildPhase;
			buildActionMask = 2147483647;
			files = (
				6003F5BA195388D20070C39A /* InfoPlist.strings in Resources */,
			);
			runOnlyForDeploymentPostprocessing = 0;
		};
/* End PBXResourcesBuildPhase section */

/* Begin PBXShellScriptBuildPhase section */
		04A41D2B5CF4C98FB6C2383D /* [CP] Check Pods Manifest.lock */ = {
			isa = PBXShellScriptBuildPhase;
			buildActionMask = 2147483647;
			files = (
			);
			inputPaths = (
				"${PODS_PODFILE_DIR_PATH}/Podfile.lock",
				"${PODS_ROOT}/Manifest.lock",
			);
			name = "[CP] Check Pods Manifest.lock";
			outputPaths = (
				"$(DERIVED_FILE_DIR)/Pods-JQCollectionViewWaterfallLayout_Tests-checkManifestLockResult.txt",
			);
			runOnlyForDeploymentPostprocessing = 0;
			shellPath = /bin/sh;
			shellScript = "diff \"${PODS_PODFILE_DIR_PATH}/Podfile.lock\" \"${PODS_ROOT}/Manifest.lock\" > /dev/null\nif [ $? != 0 ] ; then\n    # print error to STDERR\n    echo \"error: The sandbox is not in sync with the Podfile.lock. Run 'pod install' or update your CocoaPods installation.\" >&2\n    exit 1\nfi\n# This output is used by Xcode 'outputs' to avoid re-running this script phase.\necho \"SUCCESS\" > \"${SCRIPT_OUTPUT_FILE_0}\"\n";
			showEnvVarsInLog = 0;
		};
		239FF320F123E145BF6ACEA7 /* [CP] Check Pods Manifest.lock */ = {
			isa = PBXShellScriptBuildPhase;
			buildActionMask = 2147483647;
			files = (
			);
			inputPaths = (
				"${PODS_PODFILE_DIR_PATH}/Podfile.lock",
				"${PODS_ROOT}/Manifest.lock",
			);
			name = "[CP] Check Pods Manifest.lock";
			outputPaths = (
				"$(DERIVED_FILE_DIR)/Pods-JQCollectionViewWaterfallLayout_Example-checkManifestLockResult.txt",
			);
			runOnlyForDeploymentPostprocessing = 0;
			shellPath = /bin/sh;
			shellScript = "diff \"${PODS_PODFILE_DIR_PATH}/Podfile.lock\" \"${PODS_ROOT}/Manifest.lock\" > /dev/null\nif [ $? != 0 ] ; then\n    # print error to STDERR\n    echo \"error: The sandbox is not in sync with the Podfile.lock. Run 'pod install' or update your CocoaPods installation.\" >&2\n    exit 1\nfi\n# This output is used by Xcode 'outputs' to avoid re-running this script phase.\necho \"SUCCESS\" > \"${SCRIPT_OUTPUT_FILE_0}\"\n";
			showEnvVarsInLog = 0;
		};
		C1C251C33DFD4368A0C1DEE7 /* [CP] Embed Pods Frameworks */ = {
			isa = PBXShellScriptBuildPhase;
			buildActionMask = 2147483647;
			files = (
			);
			inputPaths = (
				"${PODS_ROOT}/Target Support Files/Pods-JQCollectionViewWaterfallLayout_Example/Pods-JQCollectionViewWaterfallLayout_Example-frameworks.sh",
				"${BUILT_PRODUCTS_DIR}/JQCollectionViewWaterfallLayout/JQCollectionViewWaterfallLayout.framework",
			);
			name = "[CP] Embed Pods Frameworks";
			outputPaths = (
				"${TARGET_BUILD_DIR}/${FRAMEWORKS_FOLDER_PATH}/JQCollectionViewWaterfallLayout.framework",
			);
			runOnlyForDeploymentPostprocessing = 0;
			shellPath = /bin/sh;
			shellScript = "\"${PODS_ROOT}/Target Support Files/Pods-JQCollectionViewWaterfallLayout_Example/Pods-JQCollectionViewWaterfallLayout_Example-frameworks.sh\"\n";
			showEnvVarsInLog = 0;
		};
/* End PBXShellScriptBuildPhase section */

/* Begin PBXSourcesBuildPhase section */
		6003F586195388D20070C39A /* Sources */ = {
			isa = PBXSourcesBuildPhase;
			buildActionMask = 2147483647;
			files = (
				6003F59E195388D20070C39A /* JQAppDelegate.m in Sources */,
				6003F5A7195388D20070C39A /* JQViewController.m in Sources */,
				6003F59A195388D20070C39A /* main.m in Sources */,
				F3992C2D212A6C6D0097E54A /* JQCollectionViewImageCell.m in Sources */,
			);
			runOnlyForDeploymentPostprocessing = 0;
		};
		6003F5AA195388D20070C39A /* Sources */ = {
			isa = PBXSourcesBuildPhase;
			buildActionMask = 2147483647;
			files = (
				6003F5BC195388D20070C39A /* Tests.m in Sources */,
			);
			runOnlyForDeploymentPostprocessing = 0;
		};
/* End PBXSourcesBuildPhase section */

/* Begin PBXTargetDependency section */
		6003F5B4195388D20070C39A /* PBXTargetDependency */ = {
			isa = PBXTargetDependency;
			target = 6003F589195388D20070C39A /* JQCollectionViewWaterfallLayout_Example */;
			targetProxy = 6003F5B3195388D20070C39A /* PBXContainerItemProxy */;
		};
/* End PBXTargetDependency section */

/* Begin PBXVariantGroup section */
		6003F596195388D20070C39A /* InfoPlist.strings */ = {
			isa = PBXVariantGroup;
			children = (
				6003F597195388D20070C39A /* en */,
			);
			name = InfoPlist.strings;
			sourceTree = "<group>";
		};
		6003F5B8195388D20070C39A /* InfoPlist.strings */ = {
			isa = PBXVariantGroup;
			children = (
				6003F5B9195388D20070C39A /* en */,
			);
			name = InfoPlist.strings;
			sourceTree = "<group>";
		};
		71719F9D1E33DC2100824A3D /* LaunchScreen.storyboard */ = {
			isa = PBXVariantGroup;
			children = (
				71719F9E1E33DC2100824A3D /* Base */,
			);
			name = LaunchScreen.storyboard;
			sourceTree = "<group>";
		};
/* End PBXVariantGroup section */

/* Begin XCBuildConfiguration section */
		6003F5BD195388D20070C39A /* Debug */ = {
			isa = XCBuildConfiguration;
			buildSettings = {
				ALWAYS_SEARCH_USER_PATHS = NO;
				CLANG_CXX_LANGUAGE_STANDARD = "gnu++0x";
				CLANG_CXX_LIBRARY = "libc++";
				CLANG_ENABLE_MODULES = YES;
				CLANG_ENABLE_OBJC_ARC = YES;
				CLANG_WARN_BLOCK_CAPTURE_AUTORELEASING = YES;
				CLANG_WARN_BOOL_CONVERSION = YES;
				CLANG_WARN_COMMA = YES;
				CLANG_WARN_CONSTANT_CONVERSION = YES;
				CLANG_WARN_DEPRECATED_OBJC_IMPLEMENTATIONS = YES;
				CLANG_WARN_DIRECT_OBJC_ISA_USAGE = YES_ERROR;
				CLANG_WARN_EMPTY_BODY = YES;
				CLANG_WARN_ENUM_CONVERSION = YES;
				CLANG_WARN_INFINITE_RECURSION = YES;
				CLANG_WARN_INT_CONVERSION = YES;
				CLANG_WARN_NON_LITERAL_NULL_CONVERSION = YES;
				CLANG_WARN_OBJC_IMPLICIT_RETAIN_SELF = YES;
				CLANG_WARN_OBJC_LITERAL_CONVERSION = YES;
				CLANG_WARN_OBJC_ROOT_CLASS = YES_ERROR;
				CLANG_WARN_RANGE_LOOP_ANALYSIS = YES;
				CLANG_WARN_STRICT_PROTOTYPES = YES;
				CLANG_WARN_SUSPICIOUS_MOVE = YES;
				CLANG_WARN_UNREACHABLE_CODE = YES;
				CLANG_WARN__DUPLICATE_METHOD_MATCH = YES;
				"CODE_SIGN_IDENTITY[sdk=iphoneos*]" = "iPhone Developer";
				COPY_PHASE_STRIP = NO;
				ENABLE_STRICT_OBJC_MSGSEND = YES;
				ENABLE_TESTABILITY = YES;
				GCC_C_LANGUAGE_STANDARD = gnu99;
				GCC_DYNAMIC_NO_PIC = NO;
				GCC_NO_COMMON_BLOCKS = YES;
				GCC_OPTIMIZATION_LEVEL = 0;
				GCC_PREPROCESSOR_DEFINITIONS = (
					"DEBUG=1",
					"$(inherited)",
				);
				GCC_SYMBOLS_PRIVATE_EXTERN = NO;
				GCC_WARN_64_TO_32_BIT_CONVERSION = YES;
				GCC_WARN_ABOUT_RETURN_TYPE = YES_ERROR;
				GCC_WARN_UNDECLARED_SELECTOR = YES;
				GCC_WARN_UNINITIALIZED_AUTOS = YES_AGGRESSIVE;
				GCC_WARN_UNUSED_FUNCTION = YES;
				GCC_WARN_UNUSED_VARIABLE = YES;
				IPHONEOS_DEPLOYMENT_TARGET = 9.3;
				ONLY_ACTIVE_ARCH = YES;
				SDKROOT = iphoneos;
				TARGETED_DEVICE_FAMILY = "1,2";
			};
			name = Debug;
		};
		6003F5BE195388D20070C39A /* Release */ = {
			isa = XCBuildConfiguration;
			buildSettings = {
				ALWAYS_SEARCH_USER_PATHS = NO;
				CLANG_CXX_LANGUAGE_STANDARD = "gnu++0x";
				CLANG_CXX_LIBRARY = "libc++";
				CLANG_ENABLE_MODULES = YES;
				CLANG_ENABLE_OBJC_ARC = YES;
				CLANG_WARN_BLOCK_CAPTURE_AUTORELEASING = YES;
				CLANG_WARN_BOOL_CONVERSION = YES;
				CLANG_WARN_COMMA = YES;
				CLANG_WARN_CONSTANT_CONVERSION = YES;
				CLANG_WARN_DEPRECATED_OBJC_IMPLEMENTATIONS = YES;
				CLANG_WARN_DIRECT_OBJC_ISA_USAGE = YES_ERROR;
				CLANG_WARN_EMPTY_BODY = YES;
				CLANG_WARN_ENUM_CONVERSION = YES;
				CLANG_WARN_INFINITE_RECURSION = YES;
				CLANG_WARN_INT_CONVERSION = YES;
				CLANG_WARN_NON_LITERAL_NULL_CONVERSION = YES;
				CLANG_WARN_OBJC_IMPLICIT_RETAIN_SELF = YES;
				CLANG_WARN_OBJC_LITERAL_CONVERSION = YES;
				CLANG_WARN_OBJC_ROOT_CLASS = YES_ERROR;
				CLANG_WARN_RANGE_LOOP_ANALYSIS = YES;
				CLANG_WARN_STRICT_PROTOTYPES = YES;
				CLANG_WARN_SUSPICIOUS_MOVE = YES;
				CLANG_WARN_UNREACHABLE_CODE = YES;
				CLANG_WARN__DUPLICATE_METHOD_MATCH = YES;
				"CODE_SIGN_IDENTITY[sdk=iphoneos*]" = "iPhone Developer";
				COPY_PHASE_STRIP = YES;
				ENABLE_NS_ASSERTIONS = NO;
				ENABLE_STRICT_OBJC_MSGSEND = YES;
				GCC_C_LANGUAGE_STANDARD = gnu99;
				GCC_NO_COMMON_BLOCKS = YES;
				GCC_WARN_64_TO_32_BIT_CONVERSION = YES;
				GCC_WARN_ABOUT_RETURN_TYPE = YES_ERROR;
				GCC_WARN_UNDECLARED_SELECTOR = YES;
				GCC_WARN_UNINITIALIZED_AUTOS = YES_AGGRESSIVE;
				GCC_WARN_UNUSED_FUNCTION = YES;
				GCC_WARN_UNUSED_VARIABLE = YES;
				IPHONEOS_DEPLOYMENT_TARGET = 9.3;
				SDKROOT = iphoneos;
				TARGETED_DEVICE_FAMILY = "1,2";
				VALIDATE_PRODUCT = YES;
			};
			name = Release;
		};
		6003F5C0195388D20070C39A /* Debug */ = {
			isa = XCBuildConfiguration;
			baseConfigurationReference = 7F94E0F6F46DF5B25762476E /* Pods-JQCollectionViewWaterfallLayout_Example.debug.xcconfig */;
			buildSettings = {
				ASSETCATALOG_COMPILER_APPICON_NAME = AppIcon;
				DEVELOPMENT_TEAM = 92MVBZK45G;
				GCC_PRECOMPILE_PREFIX_HEADER = YES;
				GCC_PREFIX_HEADER = "JQCollectionViewWaterfallLayout/JQCollectionViewWaterfallLayout-Prefix.pch";
				INFOPLIST_FILE = "JQCollectionViewWaterfallLayout/JQCollectionViewWaterfallLayout-Info.plist";
				MODULE_NAME = ExampleApp;
				PRODUCT_BUNDLE_IDENTIFIER = "org.cocoapods.demo.${PRODUCT_NAME:rfc1034identifier}";
				PRODUCT_NAME = "$(TARGET_NAME)";
				WRAPPER_EXTENSION = app;
			};
			name = Debug;
		};
		6003F5C1195388D20070C39A /* Release */ = {
			isa = XCBuildConfiguration;
			baseConfigurationReference = 4CC07AF0D21F1F3463717BAE /* Pods-JQCollectionViewWaterfallLayout_Example.release.xcconfig */;
			buildSettings = {
				ASSETCATALOG_COMPILER_APPICON_NAME = AppIcon;
				DEVELOPMENT_TEAM = 92MVBZK45G;
				GCC_PRECOMPILE_PREFIX_HEADER = YES;
				GCC_PREFIX_HEADER = "JQCollectionViewWaterfallLayout/JQCollectionViewWaterfallLayout-Prefix.pch";
				INFOPLIST_FILE = "JQCollectionViewWaterfallLayout/JQCollectionViewWaterfallLayout-Info.plist";
				MODULE_NAME = ExampleApp;
				PRODUCT_BUNDLE_IDENTIFIER = "org.cocoapods.demo.${PRODUCT_NAME:rfc1034identifier}";
				PRODUCT_NAME = "$(TARGET_NAME)";
				WRAPPER_EXTENSION = app;
			};
			name = Release;
		};
		6003F5C3195388D20070C39A /* Debug */ = {
			isa = XCBuildConfiguration;
			baseConfigurationReference = 906064F41BD9494856C64A8E /* Pods-JQCollectionViewWaterfallLayout_Tests.debug.xcconfig */;
			buildSettings = {
				BUNDLE_LOADER = "$(TEST_HOST)";
				FRAMEWORK_SEARCH_PATHS = (
					"$(SDKROOT)/Developer/Library/Frameworks",
					"$(inherited)",
					"$(DEVELOPER_FRAMEWORKS_DIR)",
				);
				GCC_PRECOMPILE_PREFIX_HEADER = YES;
				GCC_PREFIX_HEADER = "Tests/Tests-Prefix.pch";
				GCC_PREPROCESSOR_DEFINITIONS = (
					"DEBUG=1",
					"$(inherited)",
				);
				INFOPLIST_FILE = "Tests/Tests-Info.plist";
				PRODUCT_BUNDLE_IDENTIFIER = "org.cocoapods.demo.${PRODUCT_NAME:rfc1034identifier}";
				PRODUCT_NAME = "$(TARGET_NAME)";
				TEST_HOST = "$(BUILT_PRODUCTS_DIR)/JQCollectionViewWaterfallLayout_Example.app/JQCollectionViewWaterfallLayout_Example";
				WRAPPER_EXTENSION = xctest;
			};
			name = Debug;
		};
		6003F5C4195388D20070C39A /* Release */ = {
			isa = XCBuildConfiguration;
			baseConfigurationReference = AD1238CE45FA7CB0CAE53815 /* Pods-JQCollectionViewWaterfallLayout_Tests.release.xcconfig */;
			buildSettings = {
				BUNDLE_LOADER = "$(TEST_HOST)";
				FRAMEWORK_SEARCH_PATHS = (
					"$(SDKROOT)/Developer/Library/Frameworks",
					"$(inherited)",
					"$(DEVELOPER_FRAMEWORKS_DIR)",
				);
				GCC_PRECOMPILE_PREFIX_HEADER = YES;
				GCC_PREFIX_HEADER = "Tests/Tests-Prefix.pch";
				INFOPLIST_FILE = "Tests/Tests-Info.plist";
				PRODUCT_BUNDLE_IDENTIFIER = "org.cocoapods.demo.${PRODUCT_NAME:rfc1034identifier}";
				PRODUCT_NAME = "$(TARGET_NAME)";
				TEST_HOST = "$(BUILT_PRODUCTS_DIR)/JQCollectionViewWaterfallLayout_Example.app/JQCollectionViewWaterfallLayout_Example";
				WRAPPER_EXTENSION = xctest;
			};
			name = Release;
		};
/* End XCBuildConfiguration section */

/* Begin XCConfigurationList section */
		6003F585195388D10070C39A /* Build configuration list for PBXProject "JQCollectionViewWaterfallLayout" */ = {
			isa = XCConfigurationList;
			buildConfigurations = (
				6003F5BD195388D20070C39A /* Debug */,
				6003F5BE195388D20070C39A /* Release */,
			);
			defaultConfigurationIsVisible = 0;
			defaultConfigurationName = Release;
		};
		6003F5BF195388D20070C39A /* Build configuration list for PBXNativeTarget "JQCollectionViewWaterfallLayout_Example" */ = {
			isa = XCConfigurationList;
			buildConfigurations = (
				6003F5C0195388D20070C39A /* Debug */,
				6003F5C1195388D20070C39A /* Release */,
			);
			defaultConfigurationIsVisible = 0;
			defaultConfigurationName = Release;
		};
		6003F5C2195388D20070C39A /* Build configuration list for PBXNativeTarget "JQCollectionViewWaterfallLayout_Tests" */ = {
			isa = XCConfigurationList;
			buildConfigurations = (
				6003F5C3195388D20070C39A /* Debug */,
				6003F5C4195388D20070C39A /* Release */,
			);
			defaultConfigurationIsVisible = 0;
			defaultConfigurationName = Release;
		};
/* End XCConfigurationList section */
	};
	rootObject = 6003F582195388D10070C39A /* Project object */;
}
